// !$*UTF8*$!
{
	archiveVersion = 1;
	classes = {
	};
	objectVersion = 46;
	objects = {

/* Begin PBXBuildFile section */
		4D5E7B131ADABBB400CD984C /* BluetoothListener.swift in Sources */ = {isa = PBXBuildFile; fileRef = 4D5E7B121ADABBB400CD984C /* BluetoothListener.swift */; };
		4D5E7B161ADAC9C800CD984C /* MediaKey.m in Sources */ = {isa = PBXBuildFile; fileRef = 4D5E7B151ADAC9C800CD984C /* MediaKey.m */; };
		522001CF1AD53C8D0002F288 /* MikeyListener.swift in Sources */ = {isa = PBXBuildFile; fileRef = 522001CE1AD53C8D0002F288 /* MikeyListener.swift */; };
		522001D01AD53D270002F288 /* DDHidLib.framework in Frameworks */ = {isa = PBXBuildFile; fileRef = 522001CC1AD53C530002F288 /* DDHidLib.framework */; };
		522001D11AD53D270002F288 /* DDHidLib.framework in Embed Frameworks */ = {isa = PBXBuildFile; fileRef = 522001CC1AD53C530002F288 /* DDHidLib.framework */; settings = {ATTRIBUTES = (CodeSignOnCopy, RemoveHeadersOnCopy, ); }; };
		52D2C87E1ADD0D0400B94968 /* HSRemoteControlLaunchHelper.app in CopyFiles */ = {isa = PBXBuildFile; fileRef = 52D2C87B1ADD0CFA00B94968 /* HSRemoteControlLaunchHelper.app */; settings = {ATTRIBUTES = (RemoveHeadersOnCopy, ); }; };
		52D2C8801ADD0D3000B94968 /* ServiceManagement.framework in Frameworks */ = {isa = PBXBuildFile; fileRef = 52D2C87F1ADD0D3000B94968 /* ServiceManagement.framework */; };
		52D2C8821ADD18CF00B94968 /* BooleanExtensions.swift in Sources */ = {isa = PBXBuildFile; fileRef = 52D2C8811ADD18CF00B94968 /* BooleanExtensions.swift */; };
		52D2C8841ADD1A7500B94968 /* SettingsWindow.swift in Sources */ = {isa = PBXBuildFile; fileRef = 52D2C8831ADD1A7500B94968 /* SettingsWindow.swift */; };
		52DC217B1AD5330600C9CC5C /* AppDelegate.swift in Sources */ = {isa = PBXBuildFile; fileRef = 52DC217A1AD5330600C9CC5C /* AppDelegate.swift */; };
		52DC217D1AD5330600C9CC5C /* Images.xcassets in Resources */ = {isa = PBXBuildFile; fileRef = 52DC217C1AD5330600C9CC5C /* Images.xcassets */; };
		52DC21801AD5330600C9CC5C /* MainMenu.xib in Resources */ = {isa = PBXBuildFile; fileRef = 52DC217E1AD5330600C9CC5C /* MainMenu.xib */; };
		52DC218C1AD5330600C9CC5C /* HSRemoteControlTests.swift in Sources */ = {isa = PBXBuildFile; fileRef = 52DC218B1AD5330600C9CC5C /* HSRemoteControlTests.swift */; };
		52EB5F561ADB060700586928 /* About.rtfd in Resources */ = {isa = PBXBuildFile; fileRef = 52EB5F551ADB060700586928 /* About.rtfd */; };
		52EB5F591ADB064900586928 /* AboutWindow.swift in Sources */ = {isa = PBXBuildFile; fileRef = 52EB5F581ADB064900586928 /* AboutWindow.swift */; };
/* End PBXBuildFile section */

/* Begin PBXContainerItemProxy section */
		52D2C87A1ADD0CFA00B94968 /* PBXContainerItemProxy */ = {
			isa = PBXContainerItemProxy;
			containerPortal = 52D2C8751ADD0CFA00B94968 /* HSRemoteControlLaunchHelper.xcodeproj */;
			proxyType = 2;
			remoteGlobalIDString = 52D2C8551ADD0CED00B94968;
			remoteInfo = HSRemoteControlLaunchHelper;
		};
		52D2C87C1ADD0CFA00B94968 /* PBXContainerItemProxy */ = {
			isa = PBXContainerItemProxy;
			containerPortal = 52D2C8751ADD0CFA00B94968 /* HSRemoteControlLaunchHelper.xcodeproj */;
			proxyType = 2;
			remoteGlobalIDString = 52D2C8651ADD0CED00B94968;
			remoteInfo = HSRemoteControlLaunchHelperTests;
		};
		52DC21861AD5330600C9CC5C /* PBXContainerItemProxy */ = {
			isa = PBXContainerItemProxy;
			containerPortal = 52DC216D1AD5330500C9CC5C /* Project object */;
			proxyType = 1;
			remoteGlobalIDString = 52DC21741AD5330500C9CC5C;
			remoteInfo = HSRemoteControl;
		};
/* End PBXContainerItemProxy section */

/* Begin PBXCopyFilesBuildPhase section */
		522001D21AD53D270002F288 /* Embed Frameworks */ = {
			isa = PBXCopyFilesBuildPhase;
			buildActionMask = 2147483647;
			dstPath = "";
			dstSubfolderSpec = 10;
			files = (
				522001D11AD53D270002F288 /* DDHidLib.framework in Embed Frameworks */,
			);
			name = "Embed Frameworks";
			runOnlyForDeploymentPostprocessing = 0;
		};
		52D2C84B1ADD0C9500B94968 /* CopyFiles */ = {
			isa = PBXCopyFilesBuildPhase;
			buildActionMask = 2147483647;
			dstPath = Contents/Library/LoginItems;
			dstSubfolderSpec = 1;
			files = (
				52D2C87E1ADD0D0400B94968 /* HSRemoteControlLaunchHelper.app in CopyFiles */,
			);
			runOnlyForDeploymentPostprocessing = 0;
		};
/* End PBXCopyFilesBuildPhase section */

/* Begin PBXFileReference section */
		4D5E7B121ADABBB400CD984C /* BluetoothListener.swift */ = {isa = PBXFileReference; fileEncoding = 4; lastKnownFileType = sourcecode.swift; path = BluetoothListener.swift; sourceTree = "<group>"; };
		4D5E7B141ADAC9C800CD984C /* MediaKey.h */ = {isa = PBXFileReference; fileEncoding = 4; lastKnownFileType = sourcecode.c.h; path = MediaKey.h; sourceTree = "<group>"; };
		4D5E7B151ADAC9C800CD984C /* MediaKey.m */ = {isa = PBXFileReference; fileEncoding = 4; lastKnownFileType = sourcecode.c.objc; path = MediaKey.m; sourceTree = "<group>"; };
		522001CC1AD53C530002F288 /* DDHidLib.framework */ = {isa = PBXFileReference; lastKnownFileType = wrapper.framework; path = DDHidLib.framework; sourceTree = "<group>"; };
		522001CE1AD53C8D0002F288 /* MikeyListener.swift */ = {isa = PBXFileReference; fileEncoding = 4; lastKnownFileType = sourcecode.swift; path = MikeyListener.swift; sourceTree = "<group>"; };
		522001D31AD53E120002F288 /* HSRemoteControl-Bridging-Header.h */ = {isa = PBXFileReference; lastKnownFileType = sourcecode.c.h; path = "HSRemoteControl-Bridging-Header.h"; sourceTree = "<group>"; };
		52D2C8751ADD0CFA00B94968 /* HSRemoteControlLaunchHelper.xcodeproj */ = {isa = PBXFileReference; lastKnownFileType = "wrapper.pb-project"; name = HSRemoteControlLaunchHelper.xcodeproj; path = HSRemoteControlLaunchHelper/HSRemoteControlLaunchHelper.xcodeproj; sourceTree = "<group>"; };
		52D2C87F1ADD0D3000B94968 /* ServiceManagement.framework */ = {isa = PBXFileReference; lastKnownFileType = wrapper.framework; name = ServiceManagement.framework; path = System/Library/Frameworks/ServiceManagement.framework; sourceTree = SDKROOT; };
		52D2C8811ADD18CF00B94968 /* BooleanExtensions.swift */ = {isa = PBXFileReference; fileEncoding = 4; lastKnownFileType = sourcecode.swift; path = BooleanExtensions.swift; sourceTree = "<group>"; };
		52D2C8831ADD1A7500B94968 /* SettingsWindow.swift */ = {isa = PBXFileReference; fileEncoding = 4; lastKnownFileType = sourcecode.swift; path = SettingsWindow.swift; sourceTree = "<group>"; };
		52DC21751AD5330500C9CC5C /* HSRemoteControl.app */ = {isa = PBXFileReference; explicitFileType = wrapper.application; includeInIndex = 0; path = HSRemoteControl.app; sourceTree = BUILT_PRODUCTS_DIR; };
		52DC21791AD5330600C9CC5C /* Info.plist */ = {isa = PBXFileReference; lastKnownFileType = text.plist.xml; path = Info.plist; sourceTree = "<group>"; };
		52DC217A1AD5330600C9CC5C /* AppDelegate.swift */ = {isa = PBXFileReference; lastKnownFileType = sourcecode.swift; path = AppDelegate.swift; sourceTree = "<group>"; };
		52DC217C1AD5330600C9CC5C /* Images.xcassets */ = {isa = PBXFileReference; lastKnownFileType = folder.assetcatalog; path = Images.xcassets; sourceTree = "<group>"; };
		52DC217F1AD5330600C9CC5C /* Base */ = {isa = PBXFileReference; lastKnownFileType = file.xib; name = Base; path = Base.lproj/MainMenu.xib; sourceTree = "<group>"; };
		52DC21851AD5330600C9CC5C /* HSRemoteControlTests.xctest */ = {isa = PBXFileReference; explicitFileType = wrapper.cfbundle; includeInIndex = 0; path = HSRemoteControlTests.xctest; sourceTree = BUILT_PRODUCTS_DIR; };
		52DC218A1AD5330600C9CC5C /* Info.plist */ = {isa = PBXFileReference; lastKnownFileType = text.plist.xml; path = Info.plist; sourceTree = "<group>"; };
		52DC218B1AD5330600C9CC5C /* HSRemoteControlTests.swift */ = {isa = PBXFileReference; lastKnownFileType = sourcecode.swift; path = HSRemoteControlTests.swift; sourceTree = "<group>"; };
		52EB5F551ADB060700586928 /* About.rtfd */ = {isa = PBXFileReference; lastKnownFileType = wrapper.rtfd; path = About.rtfd; sourceTree = "<group>"; };
		52EB5F581ADB064900586928 /* AboutWindow.swift */ = {isa = PBXFileReference; fileEncoding = 4; lastKnownFileType = sourcecode.swift; path = AboutWindow.swift; sourceTree = "<group>"; };
/* End PBXFileReference section */

/* Begin PBXFrameworksBuildPhase section */
		52DC21721AD5330500C9CC5C /* Frameworks */ = {
			isa = PBXFrameworksBuildPhase;
			buildActionMask = 2147483647;
			files = (
				52D2C8801ADD0D3000B94968 /* ServiceManagement.framework in Frameworks */,
				522001D01AD53D270002F288 /* DDHidLib.framework in Frameworks */,
			);
			runOnlyForDeploymentPostprocessing = 0;
		};
		52DC21821AD5330600C9CC5C /* Frameworks */ = {
			isa = PBXFrameworksBuildPhase;
			buildActionMask = 2147483647;
			files = (
			);
			runOnlyForDeploymentPostprocessing = 0;
		};
/* End PBXFrameworksBuildPhase section */

/* Begin PBXGroup section */
		522001CB1AD53C310002F288 /* Frameworks */ = {
			isa = PBXGroup;
			children = (
				52D2C87F1ADD0D3000B94968 /* ServiceManagement.framework */,
				522001CC1AD53C530002F288 /* DDHidLib.framework */,
			);
			path = Frameworks;
			sourceTree = "<group>";
		};
		52D2C8761ADD0CFA00B94968 /* Products */ = {
			isa = PBXGroup;
			children = (
				52D2C87B1ADD0CFA00B94968 /* HSRemoteControlLaunchHelper.app */,
				52D2C87D1ADD0CFA00B94968 /* HSRemoteControlLaunchHelperTests.xctest */,
			);
			name = Products;
			sourceTree = "<group>";
		};
		52DC216C1AD5330500C9CC5C = {
			isa = PBXGroup;
			children = (
				52DC21771AD5330500C9CC5C /* HSRemoteControl */,
				52DC21881AD5330600C9CC5C /* HSRemoteControlTests */,
				522001CB1AD53C310002F288 /* Frameworks */,
				52DC21761AD5330500C9CC5C /* Products */,
				52D2C8751ADD0CFA00B94968 /* HSRemoteControlLaunchHelper.xcodeproj */,
			);
			sourceTree = "<group>";
		};
		52DC21761AD5330500C9CC5C /* Products */ = {
			isa = PBXGroup;
			children = (
				52DC21751AD5330500C9CC5C /* HSRemoteControl.app */,
				52DC21851AD5330600C9CC5C /* HSRemoteControlTests.xctest */,
			);
			name = Products;
			sourceTree = "<group>";
		};
		52DC21771AD5330500C9CC5C /* HSRemoteControl */ = {
			isa = PBXGroup;
			children = (
				4D5E7B141ADAC9C800CD984C /* MediaKey.h */,
				4D5E7B151ADAC9C800CD984C /* MediaKey.m */,
				52DC217A1AD5330600C9CC5C /* AppDelegate.swift */,
				522001CE1AD53C8D0002F288 /* MikeyListener.swift */,
				4D5E7B121ADABBB400CD984C /* BluetoothListener.swift */,
				52D2C8811ADD18CF00B94968 /* BooleanExtensions.swift */,
				52EB5F571ADB062500586928 /* Windows */,
				52DC217E1AD5330600C9CC5C /* MainMenu.xib */,
				52DC217C1AD5330600C9CC5C /* Images.xcassets */,
				52EB5F541ADB05EE00586928 /* Resources */,
				52DC21781AD5330500C9CC5C /* Supporting Files */,
			);
			path = HSRemoteControl;
			sourceTree = "<group>";
		};
		52DC21781AD5330500C9CC5C /* Supporting Files */ = {
			isa = PBXGroup;
			children = (
				522001D31AD53E120002F288 /* HSRemoteControl-Bridging-Header.h */,
				52DC21791AD5330600C9CC5C /* Info.plist */,
			);
			name = "Supporting Files";
			path = SupportingFiles;
			sourceTree = "<group>";
		};
		52DC21881AD5330600C9CC5C /* HSRemoteControlTests */ = {
			isa = PBXGroup;
			children = (
				52DC218B1AD5330600C9CC5C /* HSRemoteControlTests.swift */,
				52DC21891AD5330600C9CC5C /* Supporting Files */,
			);
			path = HSRemoteControlTests;
			sourceTree = "<group>";
		};
		52DC21891AD5330600C9CC5C /* Supporting Files */ = {
			isa = PBXGroup;
			children = (
				52DC218A1AD5330600C9CC5C /* Info.plist */,
			);
			name = "Supporting Files";
			sourceTree = "<group>";
		};
		52EB5F541ADB05EE00586928 /* Resources */ = {
			isa = PBXGroup;
			children = (
				52EB5F551ADB060700586928 /* About.rtfd */,
			);
			path = Resources;
			sourceTree = "<group>";
		};
		52EB5F571ADB062500586928 /* Windows */ = {
			isa = PBXGroup;
			children = (
				52D2C8831ADD1A7500B94968 /* SettingsWindow.swift */,
				52EB5F581ADB064900586928 /* AboutWindow.swift */,
			);
			path = Windows;
			sourceTree = "<group>";
		};
/* End PBXGroup section */

/* Begin PBXNativeTarget section */
		52DC21741AD5330500C9CC5C /* HSRemoteControl */ = {
			isa = PBXNativeTarget;
			buildConfigurationList = 52DC218F1AD5330600C9CC5C /* Build configuration list for PBXNativeTarget "HSRemoteControl" */;
			buildPhases = (
				52DC21711AD5330500C9CC5C /* Sources */,
				52DC21721AD5330500C9CC5C /* Frameworks */,
				52DC21731AD5330500C9CC5C /* Resources */,
				522001D21AD53D270002F288 /* Embed Frameworks */,
				52D2C84B1ADD0C9500B94968 /* CopyFiles */,
				52B57E3A1ADAEF8D0045B07C /* Generate warnings from TODO and FIXME */,
			);
			buildRules = (
			);
			dependencies = (
			);
			name = HSRemoteControl;
			productName = HSRemoteControl;
			productReference = 52DC21751AD5330500C9CC5C /* HSRemoteControl.app */;
			productType = "com.apple.product-type.application";
		};
		52DC21841AD5330600C9CC5C /* HSRemoteControlTests */ = {
			isa = PBXNativeTarget;
			buildConfigurationList = 52DC21921AD5330600C9CC5C /* Build configuration list for PBXNativeTarget "HSRemoteControlTests" */;
			buildPhases = (
				52DC21811AD5330600C9CC5C /* Sources */,
				52DC21821AD5330600C9CC5C /* Frameworks */,
				52DC21831AD5330600C9CC5C /* Resources */,
			);
			buildRules = (
			);
			dependencies = (
				52DC21871AD5330600C9CC5C /* PBXTargetDependency */,
			);
			name = HSRemoteControlTests;
			productName = HSRemoteControlTests;
			productReference = 52DC21851AD5330600C9CC5C /* HSRemoteControlTests.xctest */;
			productType = "com.apple.product-type.bundle.unit-test";
		};
/* End PBXNativeTarget section */

/* Begin PBXProject section */
		52DC216D1AD5330500C9CC5C /* Project object */ = {
			isa = PBXProject;
			attributes = {
				LastUpgradeCheck = 0620;
				ORGANIZATIONNAME = "Mathias Nagler";
				TargetAttributes = {
					52DC21741AD5330500C9CC5C = {
						CreatedOnToolsVersion = 6.2;
						SystemCapabilities = {
							com.apple.Sandbox = {
								enabled = 0;
							};
						};
					};
					52DC21841AD5330600C9CC5C = {
						CreatedOnToolsVersion = 6.2;
						TestTargetID = 52DC21741AD5330500C9CC5C;
					};
				};
			};
			buildConfigurationList = 52DC21701AD5330500C9CC5C /* Build configuration list for PBXProject "HSRemoteControl" */;
			compatibilityVersion = "Xcode 3.2";
			developmentRegion = English;
			hasScannedForEncodings = 0;
			knownRegions = (
				en,
				Base,
			);
			mainGroup = 52DC216C1AD5330500C9CC5C;
			productRefGroup = 52DC21761AD5330500C9CC5C /* Products */;
			projectDirPath = "";
			projectReferences = (
				{
					ProductGroup = 52D2C8761ADD0CFA00B94968 /* Products */;
					ProjectRef = 52D2C8751ADD0CFA00B94968 /* HSRemoteControlLaunchHelper.xcodeproj */;
				},
			);
			projectRoot = "";
			targets = (
				52DC21741AD5330500C9CC5C /* HSRemoteControl */,
				52DC21841AD5330600C9CC5C /* HSRemoteControlTests */,
			);
		};
/* End PBXProject section */

/* Begin PBXReferenceProxy section */
		52D2C87B1ADD0CFA00B94968 /* HSRemoteControlLaunchHelper.app */ = {
			isa = PBXReferenceProxy;
			fileType = wrapper.application;
			path = HSRemoteControlLaunchHelper.app;
			remoteRef = 52D2C87A1ADD0CFA00B94968 /* PBXContainerItemProxy */;
			sourceTree = BUILT_PRODUCTS_DIR;
		};
		52D2C87D1ADD0CFA00B94968 /* HSRemoteControlLaunchHelperTests.xctest */ = {
			isa = PBXReferenceProxy;
			fileType = wrapper.cfbundle;
			path = HSRemoteControlLaunchHelperTests.xctest;
			remoteRef = 52D2C87C1ADD0CFA00B94968 /* PBXContainerItemProxy */;
			sourceTree = BUILT_PRODUCTS_DIR;
		};
/* End PBXReferenceProxy section */

/* Begin PBXResourcesBuildPhase section */
		52DC21731AD5330500C9CC5C /* Resources */ = {
			isa = PBXResourcesBuildPhase;
			buildActionMask = 2147483647;
			files = (
				52DC217D1AD5330600C9CC5C /* Images.xcassets in Resources */,
				52DC21801AD5330600C9CC5C /* MainMenu.xib in Resources */,
				52EB5F561ADB060700586928 /* About.rtfd in Resources */,
			);
			runOnlyForDeploymentPostprocessing = 0;
		};
		52DC21831AD5330600C9CC5C /* Resources */ = {
			isa = PBXResourcesBuildPhase;
			buildActionMask = 2147483647;
			files = (
			);
			runOnlyForDeploymentPostprocessing = 0;
		};
/* End PBXResourcesBuildPhase section */

/* Begin PBXShellScriptBuildPhase section */
		52B57E3A1ADAEF8D0045B07C /* Generate warnings from TODO and FIXME */ = {
			isa = PBXShellScriptBuildPhase;
			buildActionMask = 2147483647;
			files = (
			);
			inputPaths = (
			);
			name = "Generate warnings from TODO and FIXME";
			outputPaths = (
			);
			runOnlyForDeploymentPostprocessing = 0;
			shellPath = /bin/sh;
			shellScript = "TAGS=\"TODO:|FIXME:\"\necho \"searching ${SRCROOT} for ${TAGS}\"\nfind \"${SRCROOT}\" \\( -name \"*.h\" -or -name \"*.m\" -or -name \"*.swift\" \\) -print0 | xargs -0 egrep --with-filename --line-number --only-matching \"($TAGS).*\\$\" | perl -p -e \"s/($TAGS)/ warning: \\$1/\"";
		};
/* End PBXShellScriptBuildPhase section */

/* Begin PBXSourcesBuildPhase section */
		52DC21711AD5330500C9CC5C /* Sources */ = {
			isa = PBXSourcesBuildPhase;
			buildActionMask = 2147483647;
			files = (
				52D2C8821ADD18CF00B94968 /* BooleanExtensions.swift in Sources */,
				4D5E7B161ADAC9C800CD984C /* MediaKey.m in Sources */,
				522001CF1AD53C8D0002F288 /* MikeyListener.swift in Sources */,
				52DC217B1AD5330600C9CC5C /* AppDelegate.swift in Sources */,
				4D5E7B131ADABBB400CD984C /* BluetoothListener.swift in Sources */,
				52EB5F591ADB064900586928 /* AboutWindow.swift in Sources */,
				52D2C8841ADD1A7500B94968 /* SettingsWindow.swift in Sources */,
			);
			runOnlyForDeploymentPostprocessing = 0;
		};
		52DC21811AD5330600C9CC5C /* Sources */ = {
			isa = PBXSourcesBuildPhase;
			buildActionMask = 2147483647;
			files = (
				52DC218C1AD5330600C9CC5C /* HSRemoteControlTests.swift in Sources */,
			);
			runOnlyForDeploymentPostprocessing = 0;
		};
/* End PBXSourcesBuildPhase section */

/* Begin PBXTargetDependency section */
		52DC21871AD5330600C9CC5C /* PBXTargetDependency */ = {
			isa = PBXTargetDependency;
			target = 52DC21741AD5330500C9CC5C /* HSRemoteControl */;
			targetProxy = 52DC21861AD5330600C9CC5C /* PBXContainerItemProxy */;
		};
/* End PBXTargetDependency section */

/* Begin PBXVariantGroup section */
		52DC217E1AD5330600C9CC5C /* MainMenu.xib */ = {
			isa = PBXVariantGroup;
			children = (
				52DC217F1AD5330600C9CC5C /* Base */,
			);
			name = MainMenu.xib;
			sourceTree = "<group>";
		};
/* End PBXVariantGroup section */

/* Begin XCBuildConfiguration section */
		52DC218D1AD5330600C9CC5C /* Debug */ = {
			isa = XCBuildConfiguration;
			buildSettings = {
				ALWAYS_SEARCH_USER_PATHS = NO;
				CLANG_CXX_LANGUAGE_STANDARD = "gnu++0x";
				CLANG_CXX_LIBRARY = "libc++";
				CLANG_ENABLE_MODULES = YES;
				CLANG_ENABLE_OBJC_ARC = YES;
				CLANG_WARN_BOOL_CONVERSION = YES;
				CLANG_WARN_CONSTANT_CONVERSION = YES;
				CLANG_WARN_DIRECT_OBJC_ISA_USAGE = YES_ERROR;
				CLANG_WARN_EMPTY_BODY = YES;
				CLANG_WARN_ENUM_CONVERSION = YES;
				CLANG_WARN_INT_CONVERSION = YES;
				CLANG_WARN_OBJC_ROOT_CLASS = YES_ERROR;
				CLANG_WARN_UNREACHABLE_CODE = YES;
				CLANG_WARN__DUPLICATE_METHOD_MATCH = YES;
				CODE_SIGN_IDENTITY = "-";
				COPY_PHASE_STRIP = NO;
				ENABLE_STRICT_OBJC_MSGSEND = YES;
				GCC_C_LANGUAGE_STANDARD = gnu99;
				GCC_DYNAMIC_NO_PIC = NO;
				GCC_OPTIMIZATION_LEVEL = 0;
				GCC_PREPROCESSOR_DEFINITIONS = (
					"DEBUG=1",
					"$(inherited)",
				);
				GCC_SYMBOLS_PRIVATE_EXTERN = NO;
				GCC_TREAT_WARNINGS_AS_ERRORS = YES;
				GCC_WARN_64_TO_32_BIT_CONVERSION = YES;
				GCC_WARN_ABOUT_RETURN_TYPE = YES_ERROR;
				GCC_WARN_UNDECLARED_SELECTOR = YES;
				GCC_WARN_UNINITIALIZED_AUTOS = YES_AGGRESSIVE;
				GCC_WARN_UNUSED_FUNCTION = YES;
				GCC_WARN_UNUSED_VARIABLE = YES;
				MACOSX_DEPLOYMENT_TARGET = 10.9;
				MTL_ENABLE_DEBUG_INFO = YES;
				ONLY_ACTIVE_ARCH = YES;
				SDKROOT = macosx;
				SWIFT_OPTIMIZATION_LEVEL = "-Onone";
			};
			name = Debug;
		};
		52DC218E1AD5330600C9CC5C /* Release */ = {
			isa = XCBuildConfiguration;
			buildSettings = {
				ALWAYS_SEARCH_USER_PATHS = NO;
				CLANG_CXX_LANGUAGE_STANDARD = "gnu++0x";
				CLANG_CXX_LIBRARY = "libc++";
				CLANG_ENABLE_MODULES = YES;
				CLANG_ENABLE_OBJC_ARC = YES;
				CLANG_WARN_BOOL_CONVERSION = YES;
				CLANG_WARN_CONSTANT_CONVERSION = YES;
				CLANG_WARN_DIRECT_OBJC_ISA_USAGE = YES_ERROR;
				CLANG_WARN_EMPTY_BODY = YES;
				CLANG_WARN_ENUM_CONVERSION = YES;
				CLANG_WARN_INT_CONVERSION = YES;
				CLANG_WARN_OBJC_ROOT_CLASS = YES_ERROR;
				CLANG_WARN_UNREACHABLE_CODE = YES;
				CLANG_WARN__DUPLICATE_METHOD_MATCH = YES;
				CODE_SIGN_IDENTITY = "-";
				COPY_PHASE_STRIP = NO;
				DEBUG_INFORMATION_FORMAT = "dwarf-with-dsym";
				ENABLE_NS_ASSERTIONS = NO;
				ENABLE_STRICT_OBJC_MSGSEND = YES;
				GCC_C_LANGUAGE_STANDARD = gnu99;
				GCC_TREAT_WARNINGS_AS_ERRORS = YES;
				GCC_WARN_64_TO_32_BIT_CONVERSION = YES;
				GCC_WARN_ABOUT_RETURN_TYPE = YES_ERROR;
				GCC_WARN_UNDECLARED_SELECTOR = YES;
				GCC_WARN_UNINITIALIZED_AUTOS = YES_AGGRESSIVE;
				GCC_WARN_UNUSED_FUNCTION = YES;
				GCC_WARN_UNUSED_VARIABLE = YES;
				MACOSX_DEPLOYMENT_TARGET = 10.9;
				MTL_ENABLE_DEBUG_INFO = NO;
				SDKROOT = macosx;
			};
			name = Release;
		};
		52DC21901AD5330600C9CC5C /* Debug */ = {
			isa = XCBuildConfiguration;
			buildSettings = {
				ASSETCATALOG_COMPILER_APPICON_NAME = AppIcon;
				CLANG_ENABLE_MODULES = YES;
				COMBINE_HIDPI_IMAGES = YES;
				FRAMEWORK_SEARCH_PATHS = (
					"$(inherited)",
					"$(PROJECT_DIR)/Frameworks",
				);
				INFOPLIST_FILE = HSRemoteControl/SupportingFiles/Info.plist;
				LD_RUNPATH_SEARCH_PATHS = "$(inherited) @executable_path/../Frameworks";
				PRODUCT_NAME = "$(TARGET_NAME)";
				SWIFT_OBJC_BRIDGING_HEADER = "HSRemoteControl/SupportingFiles/HSRemoteControl-Bridging-Header.h";
				SWIFT_OPTIMIZATION_LEVEL = "-Onone";
			};
			name = Debug;
		};
		52DC21911AD5330600C9CC5C /* Release */ = {
			isa = XCBuildConfiguration;
			buildSettings = {
				ASSETCATALOG_COMPILER_APPICON_NAME = AppIcon;
				CLANG_ENABLE_MODULES = YES;
				COMBINE_HIDPI_IMAGES = YES;
				FRAMEWORK_SEARCH_PATHS = (
					"$(inherited)",
					"$(PROJECT_DIR)/Frameworks",
				);
				INFOPLIST_FILE = HSRemoteControl/SupportingFiles/Info.plist;
				LD_RUNPATH_SEARCH_PATHS = "$(inherited) @executable_path/../Frameworks";
				PRODUCT_NAME = "$(TARGET_NAME)";
				SWIFT_OBJC_BRIDGING_HEADER = "HSRemoteControl/SupportingFiles/HSRemoteControl-Bridging-Header.h";
			};
			name = Release;
		};
		52DC21931AD5330600C9CC5C /* Debug */ = {
			isa = XCBuildConfiguration;
			buildSettings = {
				BUNDLE_LOADER = "$(TEST_HOST)";
				COMBINE_HIDPI_IMAGES = YES;
				FRAMEWORK_SEARCH_PATHS = (
					"$(DEVELOPER_FRAMEWORKS_DIR)",
					"$(inherited)",
				);
				GCC_PREPROCESSOR_DEFINITIONS = (
					"DEBUG=1",
					"$(inherited)",
				);
				INFOPLIST_FILE = HSRemoteControlTests/Info.plist;
				LD_RUNPATH_SEARCH_PATHS = "$(inherited) @executable_path/../Frameworks @loader_path/../Frameworks";
				PRODUCT_NAME = "$(TARGET_NAME)";
				TEST_HOST = "$(BUILT_PRODUCTS_DIR)/HSRemoteControl.app/Contents/MacOS/HSRemoteControl";
			};
			name = Debug;
		};
		52DC21941AD5330600C9CC5C /* Release */ = {
			isa = XCBuildConfiguration;
			buildSettings = {
				BUNDLE_LOADER = "$(TEST_HOST)";
				COMBINE_HIDPI_IMAGES = YES;
				FRAMEWORK_SEARCH_PATHS = (
					"$(DEVELOPER_FRAMEWORKS_DIR)",
					"$(inherited)",
				);
				INFOPLIST_FILE = HSRemoteControlTests/Info.plist;
				LD_RUNPATH_SEARCH_PATHS = "$(inherited) @executable_path/../Frameworks @loader_path/../Frameworks";
				PRODUCT_NAME = "$(TARGET_NAME)";
				TEST_HOST = "$(BUILT_PRODUCTS_DIR)/HSRemoteControl.app/Contents/MacOS/HSRemoteControl";
			};
			name = Release;
		};
/* End XCBuildConfiguration section */

/* Begin XCConfigurationList section */
		52DC21701AD5330500C9CC5C /* Build configuration list for PBXProject "HSRemoteControl" */ = {
			isa = XCConfigurationList;
			buildConfigurations = (
				52DC218D1AD5330600C9CC5C /* Debug */,
				52DC218E1AD5330600C9CC5C /* Release */,
			);
			defaultConfigurationIsVisible = 0;
			defaultConfigurationName = Release;
		};
		52DC218F1AD5330600C9CC5C /* Build configuration list for PBXNativeTarget "HSRemoteControl" */ = {
			isa = XCConfigurationList;
			buildConfigurations = (
				52DC21901AD5330600C9CC5C /* Debug */,
				52DC21911AD5330600C9CC5C /* Release */,
			);
			defaultConfigurationIsVisible = 0;
			defaultConfigurationName = Release;
		};
		52DC21921AD5330600C9CC5C /* Build configuration list for PBXNativeTarget "HSRemoteControlTests" */ = {
			isa = XCConfigurationList;
			buildConfigurations = (
				52DC21931AD5330600C9CC5C /* Debug */,
				52DC21941AD5330600C9CC5C /* Release */,
			);
			defaultConfigurationIsVisible = 0;
			defaultConfigurationName = Release;
		};
/* End XCConfigurationList section */
	};
	rootObject = 52DC216D1AD5330500C9CC5C /* Project object */;
}
